github.com/mperov/wrapper-sfdisk v0.0.0-20201223172659-4149208a16f2 h1:VUVe7k/DOBrS5h0Yy8LLKpWcJHpeYFNBNMo1nMn3m80=
github.com/mperov/wrapper-sfdisk/sfdisk v0.0.0-20201223172659-4149208a16f2 h1:8cuLLx5zycRcG2IIOnaoveJL9LY3RqmeKkOs7YA+btM=
github.com/mperov/wrapper-sfdisk/sfdisk v0.0.0-20201223172659-4149208a16f2/go.mod h1:pXGhk9jalBpRgvDHzLP1bGUvmBjjTmQ5/fGdByC+FfQ=
